
Microsoft Visual Studio Solution File, Format Version 12.00
# Visual Studio 15
VisualStudioVersion = 15.0.27130.2036
MinimumVisualStudioVersion = 10.0.40219.1
Project("{FAE04EC0-301F-11D3-BF4B-00C04F79EFBC}") = "SaveTheHumans", "SaveTheHumans\SaveTheHumans.csproj", "{7472819B-873E-4897-8250-B02A47F98E42}"
EndProject
Global
	GlobalSection(SolutionConfigurationPlatforms) = preSolution
		Debug|Any CPU = Debug|Any CPU
		Release|Any CPU = Release|Any CPU
	EndGlobalSection
	GlobalSection(ProjectConfigurationPlatforms) = postSolution
		{7472819B-873E-4897-8250-B02A47F98E42}.Debug|Any CPU.ActiveCfg = Debug|Any CPU
		{7472819B-873E-4897-8250-B02A47F98E42}.Debug|Any CPU.Build.0 = Debug|Any CPU
		{7472819B-873E-4897-8250-B02A47F98E42}.Release|Any CPU.ActiveCfg = Release|Any CPU
		{7472819B-873E-4897-8250-B02A47F98E42}.Release|Any CPU.Build.0 = Release|Any CPU
	EndGlobalSection
	GlobalSection(SolutionProperties) = preSolution
		HideSolutionNode = FALSE
	EndGlobalSection
	GlobalSection(ExtensibilityGlobals) = postSolution
		SolutionGuid = {985A0433-B915-4922-8E82-D61F9FFBBF00}
	EndGlobalSection
EndGlobal
